
Microsoft Visual Studio Solution File, Format Version 12.00
# Visual Studio Version 16
VisualStudioVersion = 16.0.31624.102
MinimumVisualStudioVersion = 10.0.40219.1
Project("{FAE04EC0-301F-11D3-BF4B-00C04F79EFBC}") = "ExampleANSIConsole", "ExampleANSIConsole\ExampleANSIConsole.csproj", "{42D02E70-FF36-4A59-AE47-461D26874A0E}"
EndProject
Project("{FAE04EC0-301F-11D3-BF4B-00C04F79EFBC}") = "ANSIConsole", "ANSIConsole\ANSIConsole.csproj", "{2387A86A-5A93-43FE-BE14-05CFE16E6816}"
EndProject
Global
	GlobalSection(SolutionConfigurationPlatforms) = preSolution
		Debug|Any CPU = Debug|Any CPU
		Release|Any CPU = Release|Any CPU
	EndGlobalSection
	GlobalSection(ProjectConfigurationPlatforms) = postSolution
		{42D02E70-FF36-4A59-AE47-461D26874A0E}.Debug|Any CPU.ActiveCfg = Debug|Any CPU
		{42D02E70-FF36-4A59-AE47-461D26874A0E}.Debug|Any CPU.Build.0 = Debug|Any CPU
		{42D02E70-FF36-4A59-AE47-461D26874A0E}.Release|Any CPU.ActiveCfg = Release|Any CPU
		{42D02E70-FF36-4A59-AE47-461D26874A0E}.Release|Any CPU.Build.0 = Release|Any CPU
		{2387A86A-5A93-43FE-BE14-05CFE16E6816}.Debug|Any CPU.ActiveCfg = Debug|Any CPU
		{2387A86A-5A93-43FE-BE14-05CFE16E6816}.Debug|Any CPU.Build.0 = Debug|Any CPU
		{2387A86A-5A93-43FE-BE14-05CFE16E6816}.Release|Any CPU.ActiveCfg = Release|Any CPU
		{2387A86A-5A93-43FE-BE14-05CFE16E6816}.Release|Any CPU.Build.0 = Release|Any CPU
	EndGlobalSection
	GlobalSection(SolutionProperties) = preSolution
		HideSolutionNode = FALSE
	EndGlobalSection
	GlobalSection(ExtensibilityGlobals) = postSolution
		SolutionGuid = {69B0BB74-F6F5-4BC2-8FD4-A08D1CF4F07E}
	EndGlobalSection
EndGlobal
